
Microsoft Visual Studio Solution File, Format Version 12.00
# Visual Studio Version 17
VisualStudioVersion = 17.8.34322.80
MinimumVisualStudioVersion = 10.0.40219.1
Project("{FAE04EC0-301F-11D3-BF4B-00C04F79EFBC}") = "CubeConudrum2", "CubeConudrum2\CubeConudrum2.csproj", "{0BB8FC99-A639-4A74-B199-F1A199447263}"
EndProject
Global
	GlobalSection(SolutionConfigurationPlatforms) = preSolution
		Debug|Any CPU = Debug|Any CPU
		Release|Any CPU = Release|Any CPU
	EndGlobalSection
	GlobalSection(ProjectConfigurationPlatforms) = postSolution
		{0BB8FC99-A639-4A74-B199-F1A199447263}.Debug|Any CPU.ActiveCfg = Debug|Any CPU
		{0BB8FC99-A639-4A74-B199-F1A199447263}.Debug|Any CPU.Build.0 = Debug|Any CPU
		{0BB8FC99-A639-4A74-B199-F1A199447263}.Release|Any CPU.ActiveCfg = Release|Any CPU
		{0BB8FC99-A639-4A74-B199-F1A199447263}.Release|Any CPU.Build.0 = Release|Any CPU
	EndGlobalSection
	GlobalSection(SolutionProperties) = preSolution
		HideSolutionNode = FALSE
	EndGlobalSection
	GlobalSection(ExtensibilityGlobals) = postSolution
		SolutionGuid = {2D5CF85E-08E8-43A4-9464-EC8382D8D62F}
	EndGlobalSection
EndGlobal
